Microsoft Visual Studio Solution File, Format Version 8.00
Global
	GlobalSection(SolutionConfiguration) = preSolution
	EndGlobalSection
	GlobalSection(ProjectConfiguration) = postSolution
	EndGlobalSection
	GlobalSection(SolutionItems) = postSolution
		MCSDATA.xml = MCSDATA.xml
		MCSServerMapLite.xsl = MCSServerMapLite.xsl
	EndGlobalSection
	GlobalSection(ExtensibilityGlobals) = postSolution
	EndGlobalSection
	GlobalSection(ExtensibilityAddIns) = postSolution
	EndGlobalSection
EndGlobal
