
Microsoft Visual Studio Solution File, Format Version 11.00
# Visual Studio 2010
Project("{FAE04EC0-301F-11D3-BF4B-00C04F79EFBC}") = "FileSystemWatch", "FileSystemWatch.csproj", "{1D9A5526-2EA1-4F00-81C0-B5383B45F49A}"
EndProject
Project("{FAE04EC0-301F-11D3-BF4B-00C04F79EFBC}") = "TestApp", "..\TestApp\TestApp.csproj", "{DBA89C7A-A7BD-4E3E-98C6-A449AE7853B7}"
EndProject
Global
	GlobalSection(TeamFoundationVersionControl) = preSolution
		SccNumberOfProjects = 3
		SccEnterpriseProvider = {4CA58AB2-18FA-4F8D-95D4-32DDF27D184C}
		SccTeamFoundationServer = http://spstfapp.htenet.com:8080/tfs/defaultcollection
		SccLocalPath0 = .
		SccProjectUniqueName1 = FileSystemWatch.csproj
		SccLocalPath1 = .
		SccProjectUniqueName2 = ..\\TestApp\\TestApp.csproj
		SccProjectName2 = ../TestApp
		SccLocalPath2 = ..\\TestApp
	EndGlobalSection
	GlobalSection(SolutionConfigurationPlatforms) = preSolution
		Debug|Any CPU = Debug|Any CPU
		Debug|Mixed Platforms = Debug|Mixed Platforms
		Debug|x86 = Debug|x86
		Release|Any CPU = Release|Any CPU
		Release|Mixed Platforms = Release|Mixed Platforms
		Release|x86 = Release|x86
	EndGlobalSection
	GlobalSection(ProjectConfigurationPlatforms) = postSolution
		{1D9A5526-2EA1-4F00-81C0-B5383B45F49A}.Debug|Any CPU.ActiveCfg = Debug|Any CPU
		{1D9A5526-2EA1-4F00-81C0-B5383B45F49A}.Debug|Any CPU.Build.0 = Debug|Any CPU
		{1D9A5526-2EA1-4F00-81C0-B5383B45F49A}.Debug|Mixed Platforms.ActiveCfg = Debug|Any CPU
		{1D9A5526-2EA1-4F00-81C0-B5383B45F49A}.Debug|Mixed Platforms.Build.0 = Debug|Any CPU
		{1D9A5526-2EA1-4F00-81C0-B5383B45F49A}.Debug|x86.ActiveCfg = Debug|Any CPU
		{1D9A5526-2EA1-4F00-81C0-B5383B45F49A}.Release|Any CPU.ActiveCfg = Release|Any CPU
		{1D9A5526-2EA1-4F00-81C0-B5383B45F49A}.Release|Any CPU.Build.0 = Release|Any CPU
		{1D9A5526-2EA1-4F00-81C0-B5383B45F49A}.Release|Mixed Platforms.ActiveCfg = Release|Any CPU
		{1D9A5526-2EA1-4F00-81C0-B5383B45F49A}.Release|Mixed Platforms.Build.0 = Release|Any CPU
		{1D9A5526-2EA1-4F00-81C0-B5383B45F49A}.Release|x86.ActiveCfg = Release|Any CPU
		{DBA89C7A-A7BD-4E3E-98C6-A449AE7853B7}.Debug|Any CPU.ActiveCfg = Debug|x86
		{DBA89C7A-A7BD-4E3E-98C6-A449AE7853B7}.Debug|Mixed Platforms.ActiveCfg = Debug|x86
		{DBA89C7A-A7BD-4E3E-98C6-A449AE7853B7}.Debug|Mixed Platforms.Build.0 = Debug|x86
		{DBA89C7A-A7BD-4E3E-98C6-A449AE7853B7}.Debug|x86.ActiveCfg = Debug|x86
		{DBA89C7A-A7BD-4E3E-98C6-A449AE7853B7}.Debug|x86.Build.0 = Debug|x86
		{DBA89C7A-A7BD-4E3E-98C6-A449AE7853B7}.Release|Any CPU.ActiveCfg = Release|x86
		{DBA89C7A-A7BD-4E3E-98C6-A449AE7853B7}.Release|Mixed Platforms.ActiveCfg = Release|x86
		{DBA89C7A-A7BD-4E3E-98C6-A449AE7853B7}.Release|Mixed Platforms.Build.0 = Release|x86
		{DBA89C7A-A7BD-4E3E-98C6-A449AE7853B7}.Release|x86.ActiveCfg = Release|x86
		{DBA89C7A-A7BD-4E3E-98C6-A449AE7853B7}.Release|x86.Build.0 = Release|x86
	EndGlobalSection
	GlobalSection(SolutionProperties) = preSolution
		HideSolutionNode = FALSE
	EndGlobalSection
EndGlobal
